
Microsoft Visual Studio Solution File, Format Version 12.00
# Visual Studio Version 17
VisualStudioVersion = 17.4.33213.308
MinimumVisualStudioVersion = 10.0.40219.1
Project("{9A19103F-16F7-4668-BE54-9A1E7A4F7556}") = "CodeShellCore", "CodeShellCore\CodeShellCore.csproj", "{9F817294-9367-4BFB-B332-867DDCA44DC5}"
EndProject
Project("{9A19103F-16F7-4668-BE54-9A1E7A4F7556}") = "CodeShellCore.Caching", "CodeShellCore.Caching\CodeShellCore.Caching.csproj", "{266E5AF0-6B4C-4D15-A76D-319D7840EC25}"
EndProject
Project("{9A19103F-16F7-4668-BE54-9A1E7A4F7556}") = "CodeShellCore.MQ", "CodeShellCore.MQ\CodeShellCore.MQ.csproj", "{619BA014-8AF0-49E0-8327-7993BD938C9C}"
EndProject
Project("{9A19103F-16F7-4668-BE54-9A1E7A4F7556}") = "CodeShellCore.Reporting", "CodeShellCore.Reporting\CodeShellCore.Reporting.csproj", "{4F0ED347-696E-47C0-8DFC-C72B62D1AC81}"
EndProject
Project("{9A19103F-16F7-4668-BE54-9A1E7A4F7556}") = "CodeShellCore.Web", "CodeShellCore.Web\CodeShellCore.Web.csproj", "{2FF59323-6B00-44D7-9254-1DDB965DA88A}"
EndProject
Project("{9A19103F-16F7-4668-BE54-9A1E7A4F7556}") = "CodeShellCore.Web.Razor", "CodeShellCore.Web.Razor\CodeShellCore.Web.Razor.csproj", "{8C9E6419-E68E-4EA4-BC64-3291EDA354AA}"
EndProject
Project("{2150E333-8FDC-42A3-9474-1A3956D46DE8}") = "01 Framework", "01 Framework", "{DB406CC9-6F92-4DE8-96C2-93A245CA6DE8}"
EndProject
Project("{9A19103F-16F7-4668-BE54-9A1E7A4F7556}") = "CodeShellCore.Moldster", "CodeShellCore.Moldster\CodeShellCore.Moldster.csproj", "{E27B3E09-92B9-41F4-B402-C7D229F16E4E}"
EndProject
Project("{9A19103F-16F7-4668-BE54-9A1E7A4F7556}") = "ConsoleTest1", "ConsoleTest1\ConsoleTest1.csproj", "{31FE60EC-5E7C-44FF-B53D-CB888448DB86}"
EndProject
Project("{2150E333-8FDC-42A3-9474-1A3956D46DE8}") = "03 Tests", "03 Tests", "{3477FF24-4F33-4EB2-8B09-6AEC871B6752}"
EndProject
Project("{9A19103F-16F7-4668-BE54-9A1E7A4F7556}") = "ConsoleTest2", "ConsoleTest2\ConsoleTest2.csproj", "{BB540915-591E-422B-BD9A-10F705410385}"
EndProject
Project("{9A19103F-16F7-4668-BE54-9A1E7A4F7556}") = "CodeShellCore.UnitTest", "CodeShellCore.UnitTest\CodeShellCore.UnitTest.csproj", "{3932CF2D-C77E-45DD-92DB-556F0FD3AD12}"
EndProject
Project("{9A19103F-16F7-4668-BE54-9A1E7A4F7556}") = "GenerationTest.Api", "GenerationTest.Api\GenerationTest.Api.csproj", "{483F6129-46C7-49B0-8721-2BD0449E59A1}"
EndProject
Project("{9A19103F-16F7-4668-BE54-9A1E7A4F7556}") = "CodeShellCore.EntityFramework", "CodeShellCore.EntityFramework\CodeShellCore.EntityFramework.csproj", "{B6035ADE-FB69-4C62-A6C2-07CFBC726DA1}"
EndProject
Project("{2150E333-8FDC-42A3-9474-1A3956D46DE8}") = "03 FileServer", "03 FileServer", "{ACDC6E5B-3CDE-4F6B-93D4-F6430CE20FE1}"
EndProject
Project("{9A19103F-16F7-4668-BE54-9A1E7A4F7556}") = "CodeShellCore.FileServer.Web", "CodeShellCore.FileServer.Web\CodeShellCore.FileServer.Web.csproj", "{8CF6FACF-26AE-4E38-B256-1F0E304A6C50}"
EndProject
Project("{2150E333-8FDC-42A3-9474-1A3956D46DE8}") = "02 Moldster", "02 Moldster", "{2B246CE5-FB1A-4453-A5D1-BFB6A09D7EB0}"
EndProject
Project("{9A19103F-16F7-4668-BE54-9A1E7A4F7556}") = "CodeShellCore.Cli", "CodeShellCore.Cli\CodeShellCore.Cli.csproj", "{84B37E04-C5D7-4DFB-9D5A-B9F8EE8E89D8}"
EndProject
Project("{9A19103F-16F7-4668-BE54-9A1E7A4F7556}") = "CodeShellCore.Application", "CodeShellCore.Application\CodeShellCore.Application.csproj", "{C890E91B-1E28-4E8A-8390-9179F2241081}"
EndProject
Project("{9A19103F-16F7-4668-BE54-9A1E7A4F7556}") = "CodeShellCore.Domain", "CodeShellCore.Domain\CodeShellCore.Domain.csproj", "{7CCB2749-FBC6-4A39-AEF4-48BD476A3A38}"
EndProject
Project("{9A19103F-16F7-4668-BE54-9A1E7A4F7556}") = "CodeShellCore.Application.Contracts", "CodeShellCore.Application.Contracts\CodeShellCore.Application.Contracts.csproj", "{7D9A5F33-E793-4F49-80DF-555E3964F692}"
EndProject
Project("{9A19103F-16F7-4668-BE54-9A1E7A4F7556}") = "CodeShellCore.Domain.Shared", "CodeShellCore.Domain.Shared\CodeShellCore.Domain.Shared.csproj", "{F3B7138D-00D9-46CA-85EE-DB7B492D22EB}"
EndProject
Project("{2150E333-8FDC-42A3-9474-1A3956D46DE8}") = "01 Helpers", "01 Helpers", "{F23398E3-4A1C-4F6D-ACBD-F4CE5F884B10}"
EndProject
Project("{2150E333-8FDC-42A3-9474-1A3956D46DE8}") = "02 Modules", "02 Modules", "{A6C5E4CD-BAF7-4B6D-B7BA-3F46A85F18E7}"
EndProject
Project("{2150E333-8FDC-42A3-9474-1A3956D46DE8}") = "05 ToolSet", "05 ToolSet", "{9D767BE2-3B5C-4478-80AA-D6629AC33393}"
EndProject
Project("{9A19103F-16F7-4668-BE54-9A1E7A4F7556}") = "CodeShellCore.ToolSet.Cli", "CodeShellCore.ToolSet.Cli\CodeShellCore.ToolSet.Cli.csproj", "{C29C139F-D9F7-46CF-AAD2-BB9894A1714B}"
EndProject
Project("{2150E333-8FDC-42A3-9474-1A3956D46DE8}") = "04 Configurator", "04 Configurator", "{149F6204-2BD0-43A6-927E-19223594B92D}"
EndProject
Project("{9A19103F-16F7-4668-BE54-9A1E7A4F7556}") = "Configurator", "Configurator\Configurator.csproj", "{C1B22C0F-C278-4CE9-AEE7-4C4681AD4216}"
EndProject
Project("{9A19103F-16F7-4668-BE54-9A1E7A4F7556}") = "Configurator.Config.Api", "Configurator.Config.Api\Configurator.Config.Api.csproj", "{C6D19201-5910-4BB2-BA3F-3011E05AC1FF}"
EndProject
Project("{9A19103F-16F7-4668-BE54-9A1E7A4F7556}") = "Configurator.UI", "Configurator.UI\Configurator.UI.csproj", "{06E665CA-F4AA-4C32-9CD7-39225F56D5C0}"
EndProject
Project("{9A19103F-16F7-4668-BE54-9A1E7A4F7556}") = "CodeShellCore.ToolSet", "CodeShellCore.ToolSet\CodeShellCore.ToolSet.csproj", "{B9380760-E6B5-4FF2-992B-8338A543F63C}"
EndProject
Project("{9A19103F-16F7-4668-BE54-9A1E7A4F7556}") = "CodeShellCore.Moldster.Ng11", "CodeShellCore.Moldster.Ng11\CodeShellCore.Moldster.Ng11.csproj", "{4585149F-81B4-4463-92B3-2B9A4BB0EF39}"
EndProject
Project("{9A19103F-16F7-4668-BE54-9A1E7A4F7556}") = "CodeShellCore.Moldster.Ng6", "CodeShellCore.Moldster.Ng6\CodeShellCore.Moldster.Ng6.csproj", "{050A3365-12C2-4A7F-8685-F8ED575FB945}"
EndProject
Project("{9A19103F-16F7-4668-BE54-9A1E7A4F7556}") = "CodeShellCore.Moldster.Domain.Shared", "CodeShellCore.Moldster.Domain.Shared\CodeShellCore.Moldster.Domain.Shared.csproj", "{36D16891-ACAA-40FB-BA99-78062CDB33E2}"
EndProject
Project("{9A19103F-16F7-4668-BE54-9A1E7A4F7556}") = "CodeShellCore.Moldster.Domain", "CodeShellCore.Moldster.Domain\CodeShellCore.Moldster.Domain.csproj", "{63ECFA50-92CB-49F0-B681-EFB14EC01084}"
EndProject
Project("{9A19103F-16F7-4668-BE54-9A1E7A4F7556}") = "CodeShellCore.Moldster.EntityFramework", "CodeShellCore.Moldster.EntityFramework\CodeShellCore.Moldster.EntityFramework.csproj", "{5982C860-3D04-411C-8859-2D216D1C2F3D}"
EndProject
Project("{9A19103F-16F7-4668-BE54-9A1E7A4F7556}") = "CodeShellCore.Moldster.Application.Contracts", "CodeShellCore.Moldster.Application.Contracts\CodeShellCore.Moldster.Application.Contracts.csproj", "{5C95F2F1-F20D-4A76-94A5-ED1A15603246}"
EndProject
Project("{9A19103F-16F7-4668-BE54-9A1E7A4F7556}") = "CodeShellCore.FileServer.Application", "CodeShellCore.FileServer.Application\CodeShellCore.FileServer.Application.csproj", "{50B0AA9E-07E8-4268-8EBD-BB5553C7266E}"
EndProject
Project("{9A19103F-16F7-4668-BE54-9A1E7A4F7556}") = "CodeShellCore.FileServer.Application.Contracts", "CodeShellCore.FileServer.Application.Contracts\CodeShellCore.FileServer.Application.Contracts.csproj", "{0116BC93-6E15-4235-9846-1FCEB26626BB}"
EndProject
Project("{9A19103F-16F7-4668-BE54-9A1E7A4F7556}") = "CodeShellCore.FileServer.Domain", "CodeShellCore.FileServer.Domain\CodeShellCore.FileServer.Domain.csproj", "{99EFB26D-6A2E-4CBB-B9F0-59E67682BB2F}"
EndProject
Project("{9A19103F-16F7-4668-BE54-9A1E7A4F7556}") = "CodeShellCore.FileServer.Domain.Shared", "CodeShellCore.FileServer.Domain.Shared\CodeShellCore.FileServer.Domain.Shared.csproj", "{2EAB261C-298A-4471-831D-2926A404CAAD}"
EndProject
Project("{9A19103F-16F7-4668-BE54-9A1E7A4F7556}") = "CodeShellCore.FileServer.EntityFramework", "CodeShellCore.FileServer.EntityFramework\CodeShellCore.FileServer.EntityFramework.csproj", "{004B6065-9DFE-4A60-A831-E4FD96229194}"
EndProject
Global
	GlobalSection(SolutionConfigurationPlatforms) = preSolution
		Debug|Any CPU = Debug|Any CPU
		Release|Any CPU = Release|Any CPU
	EndGlobalSection
	GlobalSection(ProjectConfigurationPlatforms) = postSolution
		{9F817294-9367-4BFB-B332-867DDCA44DC5}.Debug|Any CPU.ActiveCfg = Debug|Any CPU
		{9F817294-9367-4BFB-B332-867DDCA44DC5}.Debug|Any CPU.Build.0 = Debug|Any CPU
		{9F817294-9367-4BFB-B332-867DDCA44DC5}.Release|Any CPU.ActiveCfg = Release|Any CPU
		{9F817294-9367-4BFB-B332-867DDCA44DC5}.Release|Any CPU.Build.0 = Release|Any CPU
		{266E5AF0-6B4C-4D15-A76D-319D7840EC25}.Debug|Any CPU.ActiveCfg = Debug|Any CPU
		{266E5AF0-6B4C-4D15-A76D-319D7840EC25}.Debug|Any CPU.Build.0 = Debug|Any CPU
		{266E5AF0-6B4C-4D15-A76D-319D7840EC25}.Release|Any CPU.ActiveCfg = Release|Any CPU
		{266E5AF0-6B4C-4D15-A76D-319D7840EC25}.Release|Any CPU.Build.0 = Release|Any CPU
		{619BA014-8AF0-49E0-8327-7993BD938C9C}.Debug|Any CPU.ActiveCfg = Debug|Any CPU
		{619BA014-8AF0-49E0-8327-7993BD938C9C}.Debug|Any CPU.Build.0 = Debug|Any CPU
		{619BA014-8AF0-49E0-8327-7993BD938C9C}.Release|Any CPU.ActiveCfg = Release|Any CPU
		{619BA014-8AF0-49E0-8327-7993BD938C9C}.Release|Any CPU.Build.0 = Release|Any CPU
		{4F0ED347-696E-47C0-8DFC-C72B62D1AC81}.Debug|Any CPU.ActiveCfg = Debug|Any CPU
		{4F0ED347-696E-47C0-8DFC-C72B62D1AC81}.Debug|Any CPU.Build.0 = Debug|Any CPU
		{4F0ED347-696E-47C0-8DFC-C72B62D1AC81}.Release|Any CPU.ActiveCfg = Release|Any CPU
		{4F0ED347-696E-47C0-8DFC-C72B62D1AC81}.Release|Any CPU.Build.0 = Release|Any CPU
		{2FF59323-6B00-44D7-9254-1DDB965DA88A}.Debug|Any CPU.ActiveCfg = Debug|Any CPU
		{2FF59323-6B00-44D7-9254-1DDB965DA88A}.Debug|Any CPU.Build.0 = Debug|Any CPU
		{2FF59323-6B00-44D7-9254-1DDB965DA88A}.Release|Any CPU.ActiveCfg = Release|Any CPU
		{2FF59323-6B00-44D7-9254-1DDB965DA88A}.Release|Any CPU.Build.0 = Release|Any CPU
		{8C9E6419-E68E-4EA4-BC64-3291EDA354AA}.Debug|Any CPU.ActiveCfg = Debug|Any CPU
		{8C9E6419-E68E-4EA4-BC64-3291EDA354AA}.Debug|Any CPU.Build.0 = Debug|Any CPU
		{8C9E6419-E68E-4EA4-BC64-3291EDA354AA}.Release|Any CPU.ActiveCfg = Release|Any CPU
		{8C9E6419-E68E-4EA4-BC64-3291EDA354AA}.Release|Any CPU.Build.0 = Release|Any CPU
		{E27B3E09-92B9-41F4-B402-C7D229F16E4E}.Debug|Any CPU.ActiveCfg = Debug|Any CPU
		{E27B3E09-92B9-41F4-B402-C7D229F16E4E}.Debug|Any CPU.Build.0 = Debug|Any CPU
		{E27B3E09-92B9-41F4-B402-C7D229F16E4E}.Release|Any CPU.ActiveCfg = Release|Any CPU
		{E27B3E09-92B9-41F4-B402-C7D229F16E4E}.Release|Any CPU.Build.0 = Release|Any CPU
		{31FE60EC-5E7C-44FF-B53D-CB888448DB86}.Debug|Any CPU.ActiveCfg = Debug|Any CPU
		{31FE60EC-5E7C-44FF-B53D-CB888448DB86}.Debug|Any CPU.Build.0 = Debug|Any CPU
		{31FE60EC-5E7C-44FF-B53D-CB888448DB86}.Release|Any CPU.ActiveCfg = Release|Any CPU
		{31FE60EC-5E7C-44FF-B53D-CB888448DB86}.Release|Any CPU.Build.0 = Release|Any CPU
		{BB540915-591E-422B-BD9A-10F705410385}.Debug|Any CPU.ActiveCfg = Debug|Any CPU
		{BB540915-591E-422B-BD9A-10F705410385}.Debug|Any CPU.Build.0 = Debug|Any CPU
		{BB540915-591E-422B-BD9A-10F705410385}.Release|Any CPU.ActiveCfg = Release|Any CPU
		{BB540915-591E-422B-BD9A-10F705410385}.Release|Any CPU.Build.0 = Release|Any CPU
		{3932CF2D-C77E-45DD-92DB-556F0FD3AD12}.Debug|Any CPU.ActiveCfg = Debug|Any CPU
		{3932CF2D-C77E-45DD-92DB-556F0FD3AD12}.Debug|Any CPU.Build.0 = Debug|Any CPU
		{3932CF2D-C77E-45DD-92DB-556F0FD3AD12}.Release|Any CPU.ActiveCfg = Release|Any CPU
		{3932CF2D-C77E-45DD-92DB-556F0FD3AD12}.Release|Any CPU.Build.0 = Release|Any CPU
		{483F6129-46C7-49B0-8721-2BD0449E59A1}.Debug|Any CPU.ActiveCfg = Debug|Any CPU
		{483F6129-46C7-49B0-8721-2BD0449E59A1}.Debug|Any CPU.Build.0 = Debug|Any CPU
		{483F6129-46C7-49B0-8721-2BD0449E59A1}.Release|Any CPU.ActiveCfg = Release|Any CPU
		{483F6129-46C7-49B0-8721-2BD0449E59A1}.Release|Any CPU.Build.0 = Release|Any CPU
		{B6035ADE-FB69-4C62-A6C2-07CFBC726DA1}.Debug|Any CPU.ActiveCfg = Debug|Any CPU
		{B6035ADE-FB69-4C62-A6C2-07CFBC726DA1}.Debug|Any CPU.Build.0 = Debug|Any CPU
		{B6035ADE-FB69-4C62-A6C2-07CFBC726DA1}.Release|Any CPU.ActiveCfg = Release|Any CPU
		{B6035ADE-FB69-4C62-A6C2-07CFBC726DA1}.Release|Any CPU.Build.0 = Release|Any CPU
		{8CF6FACF-26AE-4E38-B256-1F0E304A6C50}.Debug|Any CPU.ActiveCfg = Debug|Any CPU
		{8CF6FACF-26AE-4E38-B256-1F0E304A6C50}.Debug|Any CPU.Build.0 = Debug|Any CPU
		{8CF6FACF-26AE-4E38-B256-1F0E304A6C50}.Release|Any CPU.ActiveCfg = Release|Any CPU
		{8CF6FACF-26AE-4E38-B256-1F0E304A6C50}.Release|Any CPU.Build.0 = Release|Any CPU
		{84B37E04-C5D7-4DFB-9D5A-B9F8EE8E89D8}.Debug|Any CPU.ActiveCfg = Debug|Any CPU
		{84B37E04-C5D7-4DFB-9D5A-B9F8EE8E89D8}.Debug|Any CPU.Build.0 = Debug|Any CPU
		{84B37E04-C5D7-4DFB-9D5A-B9F8EE8E89D8}.Release|Any CPU.ActiveCfg = Release|Any CPU
		{84B37E04-C5D7-4DFB-9D5A-B9F8EE8E89D8}.Release|Any CPU.Build.0 = Release|Any CPU
		{C890E91B-1E28-4E8A-8390-9179F2241081}.Debug|Any CPU.ActiveCfg = Debug|Any CPU
		{C890E91B-1E28-4E8A-8390-9179F2241081}.Debug|Any CPU.Build.0 = Debug|Any CPU
		{C890E91B-1E28-4E8A-8390-9179F2241081}.Release|Any CPU.ActiveCfg = Release|Any CPU
		{C890E91B-1E28-4E8A-8390-9179F2241081}.Release|Any CPU.Build.0 = Release|Any CPU
		{7CCB2749-FBC6-4A39-AEF4-48BD476A3A38}.Debug|Any CPU.ActiveCfg = Debug|Any CPU
		{7CCB2749-FBC6-4A39-AEF4-48BD476A3A38}.Debug|Any CPU.Build.0 = Debug|Any CPU
		{7CCB2749-FBC6-4A39-AEF4-48BD476A3A38}.Release|Any CPU.ActiveCfg = Release|Any CPU
		{7CCB2749-FBC6-4A39-AEF4-48BD476A3A38}.Release|Any CPU.Build.0 = Release|Any CPU
		{7D9A5F33-E793-4F49-80DF-555E3964F692}.Debug|Any CPU.ActiveCfg = Debug|Any CPU
		{7D9A5F33-E793-4F49-80DF-555E3964F692}.Debug|Any CPU.Build.0 = Debug|Any CPU
		{7D9A5F33-E793-4F49-80DF-555E3964F692}.Release|Any CPU.ActiveCfg = Release|Any CPU
		{7D9A5F33-E793-4F49-80DF-555E3964F692}.Release|Any CPU.Build.0 = Release|Any CPU
		{F3B7138D-00D9-46CA-85EE-DB7B492D22EB}.Debug|Any CPU.ActiveCfg = Debug|Any CPU
		{F3B7138D-00D9-46CA-85EE-DB7B492D22EB}.Debug|Any CPU.Build.0 = Debug|Any CPU
		{F3B7138D-00D9-46CA-85EE-DB7B492D22EB}.Release|Any CPU.ActiveCfg = Release|Any CPU
		{F3B7138D-00D9-46CA-85EE-DB7B492D22EB}.Release|Any CPU.Build.0 = Release|Any CPU
		{C29C139F-D9F7-46CF-AAD2-BB9894A1714B}.Debug|Any CPU.ActiveCfg = Debug|Any CPU
		{C29C139F-D9F7-46CF-AAD2-BB9894A1714B}.Debug|Any CPU.Build.0 = Debug|Any CPU
		{C29C139F-D9F7-46CF-AAD2-BB9894A1714B}.Release|Any CPU.ActiveCfg = Release|Any CPU
		{C29C139F-D9F7-46CF-AAD2-BB9894A1714B}.Release|Any CPU.Build.0 = Release|Any CPU
		{C1B22C0F-C278-4CE9-AEE7-4C4681AD4216}.Debug|Any CPU.ActiveCfg = Debug|Any CPU
		{C1B22C0F-C278-4CE9-AEE7-4C4681AD4216}.Debug|Any CPU.Build.0 = Debug|Any CPU
		{C1B22C0F-C278-4CE9-AEE7-4C4681AD4216}.Release|Any CPU.ActiveCfg = Release|Any CPU
		{C1B22C0F-C278-4CE9-AEE7-4C4681AD4216}.Release|Any CPU.Build.0 = Release|Any CPU
		{C6D19201-5910-4BB2-BA3F-3011E05AC1FF}.Debug|Any CPU.ActiveCfg = Debug|Any CPU
		{C6D19201-5910-4BB2-BA3F-3011E05AC1FF}.Debug|Any CPU.Build.0 = Debug|Any CPU
		{C6D19201-5910-4BB2-BA3F-3011E05AC1FF}.Release|Any CPU.ActiveCfg = Release|Any CPU
		{C6D19201-5910-4BB2-BA3F-3011E05AC1FF}.Release|Any CPU.Build.0 = Release|Any CPU
		{06E665CA-F4AA-4C32-9CD7-39225F56D5C0}.Debug|Any CPU.ActiveCfg = Debug|Any CPU
		{06E665CA-F4AA-4C32-9CD7-39225F56D5C0}.Debug|Any CPU.Build.0 = Debug|Any CPU
		{06E665CA-F4AA-4C32-9CD7-39225F56D5C0}.Release|Any CPU.ActiveCfg = Release|Any CPU
		{06E665CA-F4AA-4C32-9CD7-39225F56D5C0}.Release|Any CPU.Build.0 = Release|Any CPU
		{B9380760-E6B5-4FF2-992B-8338A543F63C}.Debug|Any CPU.ActiveCfg = Debug|Any CPU
		{B9380760-E6B5-4FF2-992B-8338A543F63C}.Debug|Any CPU.Build.0 = Debug|Any CPU
		{B9380760-E6B5-4FF2-992B-8338A543F63C}.Release|Any CPU.ActiveCfg = Release|Any CPU
		{B9380760-E6B5-4FF2-992B-8338A543F63C}.Release|Any CPU.Build.0 = Release|Any CPU
		{4585149F-81B4-4463-92B3-2B9A4BB0EF39}.Debug|Any CPU.ActiveCfg = Debug|Any CPU
		{4585149F-81B4-4463-92B3-2B9A4BB0EF39}.Debug|Any CPU.Build.0 = Debug|Any CPU
		{4585149F-81B4-4463-92B3-2B9A4BB0EF39}.Release|Any CPU.ActiveCfg = Release|Any CPU
		{4585149F-81B4-4463-92B3-2B9A4BB0EF39}.Release|Any CPU.Build.0 = Release|Any CPU
		{050A3365-12C2-4A7F-8685-F8ED575FB945}.Debug|Any CPU.ActiveCfg = Debug|Any CPU
		{050A3365-12C2-4A7F-8685-F8ED575FB945}.Debug|Any CPU.Build.0 = Debug|Any CPU
		{050A3365-12C2-4A7F-8685-F8ED575FB945}.Release|Any CPU.ActiveCfg = Release|Any CPU
		{050A3365-12C2-4A7F-8685-F8ED575FB945}.Release|Any CPU.Build.0 = Release|Any CPU
		{36D16891-ACAA-40FB-BA99-78062CDB33E2}.Debug|Any CPU.ActiveCfg = Debug|Any CPU
		{36D16891-ACAA-40FB-BA99-78062CDB33E2}.Debug|Any CPU.Build.0 = Debug|Any CPU
		{36D16891-ACAA-40FB-BA99-78062CDB33E2}.Release|Any CPU.ActiveCfg = Release|Any CPU
		{36D16891-ACAA-40FB-BA99-78062CDB33E2}.Release|Any CPU.Build.0 = Release|Any CPU
		{63ECFA50-92CB-49F0-B681-EFB14EC01084}.Debug|Any CPU.ActiveCfg = Debug|Any CPU
		{63ECFA50-92CB-49F0-B681-EFB14EC01084}.Debug|Any CPU.Build.0 = Debug|Any CPU
		{63ECFA50-92CB-49F0-B681-EFB14EC01084}.Release|Any CPU.ActiveCfg = Release|Any CPU
		{63ECFA50-92CB-49F0-B681-EFB14EC01084}.Release|Any CPU.Build.0 = Release|Any CPU
		{5982C860-3D04-411C-8859-2D216D1C2F3D}.Debug|Any CPU.ActiveCfg = Debug|Any CPU
		{5982C860-3D04-411C-8859-2D216D1C2F3D}.Debug|Any CPU.Build.0 = Debug|Any CPU
		{5982C860-3D04-411C-8859-2D216D1C2F3D}.Release|Any CPU.ActiveCfg = Release|Any CPU
		{5982C860-3D04-411C-8859-2D216D1C2F3D}.Release|Any CPU.Build.0 = Release|Any CPU
		{5C95F2F1-F20D-4A76-94A5-ED1A15603246}.Debug|Any CPU.ActiveCfg = Debug|Any CPU
		{5C95F2F1-F20D-4A76-94A5-ED1A15603246}.Debug|Any CPU.Build.0 = Debug|Any CPU
		{5C95F2F1-F20D-4A76-94A5-ED1A15603246}.Release|Any CPU.ActiveCfg = Release|Any CPU
		{5C95F2F1-F20D-4A76-94A5-ED1A15603246}.Release|Any CPU.Build.0 = Release|Any CPU
		{50B0AA9E-07E8-4268-8EBD-BB5553C7266E}.Debug|Any CPU.ActiveCfg = Debug|Any CPU
		{50B0AA9E-07E8-4268-8EBD-BB5553C7266E}.Debug|Any CPU.Build.0 = Debug|Any CPU
		{50B0AA9E-07E8-4268-8EBD-BB5553C7266E}.Release|Any CPU.ActiveCfg = Release|Any CPU
		{50B0AA9E-07E8-4268-8EBD-BB5553C7266E}.Release|Any CPU.Build.0 = Release|Any CPU
		{0116BC93-6E15-4235-9846-1FCEB26626BB}.Debug|Any CPU.ActiveCfg = Debug|Any CPU
		{0116BC93-6E15-4235-9846-1FCEB26626BB}.Debug|Any CPU.Build.0 = Debug|Any CPU
		{0116BC93-6E15-4235-9846-1FCEB26626BB}.Release|Any CPU.ActiveCfg = Release|Any CPU
		{0116BC93-6E15-4235-9846-1FCEB26626BB}.Release|Any CPU.Build.0 = Release|Any CPU
		{99EFB26D-6A2E-4CBB-B9F0-59E67682BB2F}.Debug|Any CPU.ActiveCfg = Debug|Any CPU
		{99EFB26D-6A2E-4CBB-B9F0-59E67682BB2F}.Debug|Any CPU.Build.0 = Debug|Any CPU
		{99EFB26D-6A2E-4CBB-B9F0-59E67682BB2F}.Release|Any CPU.ActiveCfg = Release|Any CPU
		{99EFB26D-6A2E-4CBB-B9F0-59E67682BB2F}.Release|Any CPU.Build.0 = Release|Any CPU
		{2EAB261C-298A-4471-831D-2926A404CAAD}.Debug|Any CPU.ActiveCfg = Debug|Any CPU
		{2EAB261C-298A-4471-831D-2926A404CAAD}.Debug|Any CPU.Build.0 = Debug|Any CPU
		{2EAB261C-298A-4471-831D-2926A404CAAD}.Release|Any CPU.ActiveCfg = Release|Any CPU
		{2EAB261C-298A-4471-831D-2926A404CAAD}.Release|Any CPU.Build.0 = Release|Any CPU
		{004B6065-9DFE-4A60-A831-E4FD96229194}.Debug|Any CPU.ActiveCfg = Debug|Any CPU
		{004B6065-9DFE-4A60-A831-E4FD96229194}.Debug|Any CPU.Build.0 = Debug|Any CPU
		{004B6065-9DFE-4A60-A831-E4FD96229194}.Release|Any CPU.ActiveCfg = Release|Any CPU
		{004B6065-9DFE-4A60-A831-E4FD96229194}.Release|Any CPU.Build.0 = Release|Any CPU
	EndGlobalSection
	GlobalSection(SolutionProperties) = preSolution
		HideSolutionNode = FALSE
	EndGlobalSection
	GlobalSection(NestedProjects) = preSolution
		{9F817294-9367-4BFB-B332-867DDCA44DC5} = {DB406CC9-6F92-4DE8-96C2-93A245CA6DE8}
		{266E5AF0-6B4C-4D15-A76D-319D7840EC25} = {F23398E3-4A1C-4F6D-ACBD-F4CE5F884B10}
		{619BA014-8AF0-49E0-8327-7993BD938C9C} = {F23398E3-4A1C-4F6D-ACBD-F4CE5F884B10}
		{4F0ED347-696E-47C0-8DFC-C72B62D1AC81} = {F23398E3-4A1C-4F6D-ACBD-F4CE5F884B10}
		{2FF59323-6B00-44D7-9254-1DDB965DA88A} = {DB406CC9-6F92-4DE8-96C2-93A245CA6DE8}
		{8C9E6419-E68E-4EA4-BC64-3291EDA354AA} = {2B246CE5-FB1A-4453-A5D1-BFB6A09D7EB0}
		{E27B3E09-92B9-41F4-B402-C7D229F16E4E} = {2B246CE5-FB1A-4453-A5D1-BFB6A09D7EB0}
		{31FE60EC-5E7C-44FF-B53D-CB888448DB86} = {3477FF24-4F33-4EB2-8B09-6AEC871B6752}
		{BB540915-591E-422B-BD9A-10F705410385} = {3477FF24-4F33-4EB2-8B09-6AEC871B6752}
		{3932CF2D-C77E-45DD-92DB-556F0FD3AD12} = {3477FF24-4F33-4EB2-8B09-6AEC871B6752}
		{483F6129-46C7-49B0-8721-2BD0449E59A1} = {3477FF24-4F33-4EB2-8B09-6AEC871B6752}
		{B6035ADE-FB69-4C62-A6C2-07CFBC726DA1} = {DB406CC9-6F92-4DE8-96C2-93A245CA6DE8}
		{ACDC6E5B-3CDE-4F6B-93D4-F6430CE20FE1} = {A6C5E4CD-BAF7-4B6D-B7BA-3F46A85F18E7}
		{8CF6FACF-26AE-4E38-B256-1F0E304A6C50} = {ACDC6E5B-3CDE-4F6B-93D4-F6430CE20FE1}
		{2B246CE5-FB1A-4453-A5D1-BFB6A09D7EB0} = {A6C5E4CD-BAF7-4B6D-B7BA-3F46A85F18E7}
		{84B37E04-C5D7-4DFB-9D5A-B9F8EE8E89D8} = {F23398E3-4A1C-4F6D-ACBD-F4CE5F884B10}
		{C890E91B-1E28-4E8A-8390-9179F2241081} = {DB406CC9-6F92-4DE8-96C2-93A245CA6DE8}
		{7CCB2749-FBC6-4A39-AEF4-48BD476A3A38} = {DB406CC9-6F92-4DE8-96C2-93A245CA6DE8}
		{7D9A5F33-E793-4F49-80DF-555E3964F692} = {DB406CC9-6F92-4DE8-96C2-93A245CA6DE8}
		{F3B7138D-00D9-46CA-85EE-DB7B492D22EB} = {DB406CC9-6F92-4DE8-96C2-93A245CA6DE8}
		{F23398E3-4A1C-4F6D-ACBD-F4CE5F884B10} = {A6C5E4CD-BAF7-4B6D-B7BA-3F46A85F18E7}
		{9D767BE2-3B5C-4478-80AA-D6629AC33393} = {A6C5E4CD-BAF7-4B6D-B7BA-3F46A85F18E7}
		{C29C139F-D9F7-46CF-AAD2-BB9894A1714B} = {9D767BE2-3B5C-4478-80AA-D6629AC33393}
		{149F6204-2BD0-43A6-927E-19223594B92D} = {A6C5E4CD-BAF7-4B6D-B7BA-3F46A85F18E7}
		{C1B22C0F-C278-4CE9-AEE7-4C4681AD4216} = {149F6204-2BD0-43A6-927E-19223594B92D}
		{C6D19201-5910-4BB2-BA3F-3011E05AC1FF} = {149F6204-2BD0-43A6-927E-19223594B92D}
		{06E665CA-F4AA-4C32-9CD7-39225F56D5C0} = {149F6204-2BD0-43A6-927E-19223594B92D}
		{B9380760-E6B5-4FF2-992B-8338A543F63C} = {9D767BE2-3B5C-4478-80AA-D6629AC33393}
		{4585149F-81B4-4463-92B3-2B9A4BB0EF39} = {2B246CE5-FB1A-4453-A5D1-BFB6A09D7EB0}
		{050A3365-12C2-4A7F-8685-F8ED575FB945} = {2B246CE5-FB1A-4453-A5D1-BFB6A09D7EB0}
		{36D16891-ACAA-40FB-BA99-78062CDB33E2} = {2B246CE5-FB1A-4453-A5D1-BFB6A09D7EB0}
		{63ECFA50-92CB-49F0-B681-EFB14EC01084} = {2B246CE5-FB1A-4453-A5D1-BFB6A09D7EB0}
		{5982C860-3D04-411C-8859-2D216D1C2F3D} = {2B246CE5-FB1A-4453-A5D1-BFB6A09D7EB0}
		{5C95F2F1-F20D-4A76-94A5-ED1A15603246} = {2B246CE5-FB1A-4453-A5D1-BFB6A09D7EB0}
		{50B0AA9E-07E8-4268-8EBD-BB5553C7266E} = {ACDC6E5B-3CDE-4F6B-93D4-F6430CE20FE1}
		{0116BC93-6E15-4235-9846-1FCEB26626BB} = {ACDC6E5B-3CDE-4F6B-93D4-F6430CE20FE1}
		{99EFB26D-6A2E-4CBB-B9F0-59E67682BB2F} = {ACDC6E5B-3CDE-4F6B-93D4-F6430CE20FE1}
		{2EAB261C-298A-4471-831D-2926A404CAAD} = {ACDC6E5B-3CDE-4F6B-93D4-F6430CE20FE1}
		{004B6065-9DFE-4A60-A831-E4FD96229194} = {ACDC6E5B-3CDE-4F6B-93D4-F6430CE20FE1}
	EndGlobalSection
	GlobalSection(ExtensibilityGlobals) = postSolution
		SolutionGuid = {7C8836DA-E4F6-4A43-9CC5-7D0388147EFD}
	EndGlobalSection
EndGlobal
