
Microsoft Visual Studio Solution File, Format Version 12.00
# Visual Studio Version 16
VisualStudioVersion = 16.0.30717.126
MinimumVisualStudioVersion = 10.0.40219.1
Project("{9A19103F-16F7-4668-BE54-9A1E7A4F7556}") = "CodeShellCore", "CodeShellCore\CodeShellCore.csproj", "{9F817294-9367-4BFB-B332-867DDCA44DC5}"
EndProject
Project("{9A19103F-16F7-4668-BE54-9A1E7A4F7556}") = "CodeShellCore.Caching", "CodeShellCore.Caching\CodeShellCore.Caching.csproj", "{266E5AF0-6B4C-4D15-A76D-319D7840EC25}"
EndProject
Project("{9A19103F-16F7-4668-BE54-9A1E7A4F7556}") = "CodeShellCore.MQ", "CodeShellCore.MQ\CodeShellCore.MQ.csproj", "{619BA014-8AF0-49E0-8327-7993BD938C9C}"
EndProject
Project("{9A19103F-16F7-4668-BE54-9A1E7A4F7556}") = "CodeShellCore.Reporting", "CodeShellCore.Reporting\CodeShellCore.Reporting.csproj", "{4F0ED347-696E-47C0-8DFC-C72B62D1AC81}"
EndProject
Project("{9A19103F-16F7-4668-BE54-9A1E7A4F7556}") = "CodeShellCore.Web", "CodeShellCore.Web\CodeShellCore.Web.csproj", "{2FF59323-6B00-44D7-9254-1DDB965DA88A}"
EndProject
Project("{9A19103F-16F7-4668-BE54-9A1E7A4F7556}") = "CodeShellCore.Web.Razor", "CodeShellCore.Web.Razor\CodeShellCore.Web.Razor.csproj", "{8C9E6419-E68E-4EA4-BC64-3291EDA354AA}"
EndProject
Project("{2150E333-8FDC-42A3-9474-1A3956D46DE8}") = "01 Framework", "01 Framework", "{DB406CC9-6F92-4DE8-96C2-93A245CA6DE8}"
EndProject
Project("{9A19103F-16F7-4668-BE54-9A1E7A4F7556}") = "CodeShellCore.Moldster", "CodeShellCore.Moldster\CodeShellCore.Moldster.csproj", "{E27B3E09-92B9-41F4-B402-C7D229F16E4E}"
EndProject
Project("{9A19103F-16F7-4668-BE54-9A1E7A4F7556}") = "ConsoleTest1", "ConsoleTest1\ConsoleTest1.csproj", "{31FE60EC-5E7C-44FF-B53D-CB888448DB86}"
EndProject
Project("{2150E333-8FDC-42A3-9474-1A3956D46DE8}") = "05 Tests", "05 Tests", "{3477FF24-4F33-4EB2-8B09-6AEC871B6752}"
EndProject
Project("{2150E333-8FDC-42A3-9474-1A3956D46DE8}") = "04 Asga.Auth", "04 Asga.Auth", "{D064279A-FF5C-450D-B4CE-D96EC6906A53}"
EndProject
Project("{9A19103F-16F7-4668-BE54-9A1E7A4F7556}") = "Asga.Auth", "Asga.Auth\Asga.Auth.csproj", "{5800310C-9A93-4793-9E80-85D19988C20E}"
EndProject
Project("{9A19103F-16F7-4668-BE54-9A1E7A4F7556}") = "Asga.Auth.Module", "Asga.Auth.Module\Asga.Auth.Module.csproj", "{29F610F6-1C6B-4488-9593-128EEC750B0F}"
EndProject
Project("{2150E333-8FDC-42A3-9474-1A3956D46DE8}") = "00 Batch", "00 Batch", "{3E14368F-52B7-4829-9CA8-DBB03348AA00}"
	ProjectSection(SolutionItems) = preProject
		CodeShellCore.Batch\configurator_api.bat = CodeShellCore.Batch\configurator_api.bat
		CodeShellCore.Batch\configurator_api_fms.bat = CodeShellCore.Batch\configurator_api_fms.bat
		CodeShellCore.Batch\configurator_api_hp.bat = CodeShellCore.Batch\configurator_api_hp.bat
		CodeShellCore.Batch\configurator_api_preview.bat = CodeShellCore.Batch\configurator_api_preview.bat
		CodeShellCore.Batch\db_backup.bat = CodeShellCore.Batch\db_backup.bat
		CodeShellCore.Batch\db_restore.bat = CodeShellCore.Batch\db_restore.bat
		CodeShellCore.Batch\example_api.bat = CodeShellCore.Batch\example_api.bat
		CodeShellCore.Batch\hp_api.bat = CodeShellCore.Batch\hp_api.bat
		CodeShellCore.Batch\moldster_files.bat = CodeShellCore.Batch\moldster_files.bat
	EndProjectSection
EndProject
Project("{9A19103F-16F7-4668-BE54-9A1E7A4F7556}") = "Asga.Auth.Web", "Asga.Auth.Web\Asga.Auth.Web.csproj", "{7DB40C6E-58D7-47A8-A18B-C348F5C920EE}"
EndProject
Project("{9A19103F-16F7-4668-BE54-9A1E7A4F7556}") = "Asga.Public.Module", "Asga.Public.Module\Asga.Public.Module.csproj", "{05BB9271-04E2-4E0F-AA78-8E3437A6EC89}"
EndProject
Project("{9A19103F-16F7-4668-BE54-9A1E7A4F7556}") = "ConsoleTest2", "ConsoleTest2\ConsoleTest2.csproj", "{BB540915-591E-422B-BD9A-10F705410385}"
EndProject
Project("{9A19103F-16F7-4668-BE54-9A1E7A4F7556}") = "Asga.Auth.Molds", "Asga.Auth.Molds\Asga.Auth.Molds.csproj", "{91ED6472-83EC-4164-8830-67EDBE845D11}"
EndProject
Project("{2150E333-8FDC-42A3-9474-1A3956D46DE8}") = "04 Example", "04 Example", "{F834727F-3305-439C-9284-A82B37A4B7C9}"
EndProject
Project("{9A19103F-16F7-4668-BE54-9A1E7A4F7556}") = "Example", "Example\Example.csproj", "{D66038E7-662D-4F63-9571-601D6AFF1AF4}"
EndProject
Project("{9A19103F-16F7-4668-BE54-9A1E7A4F7556}") = "Example.Config.Api", "Example.Config.Api\Example.Config.Api.csproj", "{D0120B57-D452-449D-83AF-30DD0B7C6679}"
EndProject
Project("{9A19103F-16F7-4668-BE54-9A1E7A4F7556}") = "Example.UI", "Example.UI\Example.UI.csproj", "{4D5E52E4-621D-43CE-B078-CCB71E0B594A}"
EndProject
Project("{9A19103F-16F7-4668-BE54-9A1E7A4F7556}") = "Asga.Public", "Asga.Public\Asga.Public.csproj", "{CE0FE0C9-BF35-4E7A-8D63-72A42B1134F9}"
EndProject
Project("{9A19103F-16F7-4668-BE54-9A1E7A4F7556}") = "CodeShellCore.UnitTest", "CodeShellCore.UnitTest\CodeShellCore.UnitTest.csproj", "{3932CF2D-C77E-45DD-92DB-556F0FD3AD12}"
EndProject
Project("{9A19103F-16F7-4668-BE54-9A1E7A4F7556}") = "Asga.Mobile", "Asga.Mobile\Asga.Mobile.csproj", "{7AA4EEEE-8D85-4159-BEAA-5E6BBA2319E1}"
EndProject
Project("{9A19103F-16F7-4668-BE54-9A1E7A4F7556}") = "Asga.Mobile.Module", "Asga.Mobile.Module\Asga.Mobile.Module.csproj", "{CA2F7946-5C5C-4913-B3C4-DC0891486BC1}"
EndProject
Project("{2150E333-8FDC-42A3-9474-1A3956D46DE8}") = "05 Asga.Mobile", "05 Asga.Mobile", "{E04C8BE8-91B8-45BE-AFE9-F7A0120A21F5}"
EndProject
Project("{2150E333-8FDC-42A3-9474-1A3956D46DE8}") = "06 Asga.Public", "06 Asga.Public", "{44CDD569-EE2A-40F2-B417-79BC4F2D4D55}"
EndProject
Project("{2150E333-8FDC-42A3-9474-1A3956D46DE8}") = "07 Asga.Dashboard", "07 Asga.Dashboard", "{205C1F71-1A28-4E4B-8C0C-1BFE73421C65}"
EndProject
Project("{9A19103F-16F7-4668-BE54-9A1E7A4F7556}") = "Asga.Dashboard", "Asga.Dashboard\Asga.Dashboard.csproj", "{70A13D0A-6247-4EB1-B85F-9FA26E55799F}"
EndProject
Project("{9A19103F-16F7-4668-BE54-9A1E7A4F7556}") = "Asga.Dashboard.Web", "Asga.Dashboard.Web\Asga.Dashboard.Web.csproj", "{4ABC39D9-13BE-4AE0-81A0-8D8B42326400}"
EndProject
Project("{9A19103F-16F7-4668-BE54-9A1E7A4F7556}") = "Asga.Mobile.Web", "Asga.Mobile.Web\Asga.Mobile.Web.csproj", "{618A06AE-8BB6-49AF-9536-CE7539A1AACF}"
EndProject
Project("{9A19103F-16F7-4668-BE54-9A1E7A4F7556}") = "Asga.Public.Web", "Asga.Public.Web\Asga.Public.Web.csproj", "{07547A2E-26D1-48B8-AC81-0DB6F22F3D80}"
EndProject
Project("{9A19103F-16F7-4668-BE54-9A1E7A4F7556}") = "GenerationTest.Api", "GenerationTest.Api\GenerationTest.Api.csproj", "{483F6129-46C7-49B0-8721-2BD0449E59A1}"
EndProject
Project("{9A19103F-16F7-4668-BE54-9A1E7A4F7556}") = "Asga.Public.Molds", "Asga.Public.Molds\Asga.Public.Molds.csproj", "{590C44B2-F8C9-469B-ADC2-5A1E5356E819}"
EndProject
Project("{9A19103F-16F7-4668-BE54-9A1E7A4F7556}") = "CodeShellCore.EntityFramework", "CodeShellCore.EntityFramework\CodeShellCore.EntityFramework.csproj", "{B6035ADE-FB69-4C62-A6C2-07CFBC726DA1}"
EndProject
Project("{9A19103F-16F7-4668-BE54-9A1E7A4F7556}") = "CodeShellCore.FileServer", "CodeShellCore.FileServer\CodeShellCore.FileServer.csproj", "{57C9A4E1-7B8B-44D0-8306-440BC3A3C126}"
EndProject
Project("{2150E333-8FDC-42A3-9474-1A3956D46DE8}") = "02 FileServer", "02 FileServer", "{ACDC6E5B-3CDE-4F6B-93D4-F6430CE20FE1}"
EndProject
Project("{9A19103F-16F7-4668-BE54-9A1E7A4F7556}") = "CodeShellCore.FileServer.Module", "CodeShellCore.FileServer.Module\CodeShellCore.FileServer.Module.csproj", "{F18FFB30-BD7B-4D54-BC13-538D7138A6B3}"
EndProject
Project("{9A19103F-16F7-4668-BE54-9A1E7A4F7556}") = "CodeShellCore.FileServer.Web", "CodeShellCore.FileServer.Web\CodeShellCore.FileServer.Web.csproj", "{8CF6FACF-26AE-4E38-B256-1F0E304A6C50}"
EndProject
Project("{2150E333-8FDC-42A3-9474-1A3956D46DE8}") = "01 Moldster", "01 Moldster", "{2B246CE5-FB1A-4453-A5D1-BFB6A09D7EB0}"
EndProject
Project("{9A19103F-16F7-4668-BE54-9A1E7A4F7556}") = "CodeShellCore.Cli", "CodeShellCore.Cli\CodeShellCore.Cli.csproj", "{84B37E04-C5D7-4DFB-9D5A-B9F8EE8E89D8}"
EndProject
Project("{9A19103F-16F7-4668-BE54-9A1E7A4F7556}") = "CodeShellCore.Application", "CodeShellCore.Application\CodeShellCore.Application.csproj", "{C890E91B-1E28-4E8A-8390-9179F2241081}"
EndProject
Project("{9A19103F-16F7-4668-BE54-9A1E7A4F7556}") = "CodeShellCore.Domain", "CodeShellCore.Domain\CodeShellCore.Domain.csproj", "{7CCB2749-FBC6-4A39-AEF4-48BD476A3A38}"
EndProject
Project("{9A19103F-16F7-4668-BE54-9A1E7A4F7556}") = "CodeShellCore.Application.Contracts", "CodeShellCore.Application.Contracts\CodeShellCore.Application.Contracts.csproj", "{7D9A5F33-E793-4F49-80DF-555E3964F692}"
EndProject
Project("{9A19103F-16F7-4668-BE54-9A1E7A4F7556}") = "CodeShellCore.Domain.Shared", "CodeShellCore.Domain.Shared\CodeShellCore.Domain.Shared.csproj", "{F3B7138D-00D9-46CA-85EE-DB7B492D22EB}"
EndProject
Project("{2150E333-8FDC-42A3-9474-1A3956D46DE8}") = "02 Helpers", "02 Helpers", "{F23398E3-4A1C-4F6D-ACBD-F4CE5F884B10}"
EndProject
Project("{9A19103F-16F7-4668-BE54-9A1E7A4F7556}") = "Asga.Auth.Module.Contracts", "Asga.Auth.Module.Contracts\Asga.Auth.Module.Contracts.csproj", "{6BD6F54B-3026-4F76-9C6E-3471CFEA9BC3}"
EndProject
Project("{9A19103F-16F7-4668-BE54-9A1E7A4F7556}") = "Example.Api", "Example.Api\Example.Api.csproj", "{F2867446-0360-4EF9-AD32-7E8E88D0CE95}"
EndProject
Project("{2150E333-8FDC-42A3-9474-1A3956D46DE8}") = "03 Modules", "03 Modules", "{A6C5E4CD-BAF7-4B6D-B7BA-3F46A85F18E7}"
EndProject
Project("{2150E333-8FDC-42A3-9474-1A3956D46DE8}") = "08 ToolSet", "08 ToolSet", "{9D767BE2-3B5C-4478-80AA-D6629AC33393}"
EndProject
Project("{9A19103F-16F7-4668-BE54-9A1E7A4F7556}") = "CodeShellCore.ToolSet.Cli", "CodeShellCore.ToolSet.Cli\CodeShellCore.ToolSet.Cli.csproj", "{C29C139F-D9F7-46CF-AAD2-BB9894A1714B}"
EndProject
Project("{2150E333-8FDC-42A3-9474-1A3956D46DE8}") = "03 Configurator", "03 Configurator", "{149F6204-2BD0-43A6-927E-19223594B92D}"
EndProject
Project("{9A19103F-16F7-4668-BE54-9A1E7A4F7556}") = "Configurator", "Configurator\Configurator.csproj", "{C1B22C0F-C278-4CE9-AEE7-4C4681AD4216}"
EndProject
Project("{9A19103F-16F7-4668-BE54-9A1E7A4F7556}") = "Configurator.Config.Api", "Configurator.Config.Api\Configurator.Config.Api.csproj", "{C6D19201-5910-4BB2-BA3F-3011E05AC1FF}"
EndProject
Project("{9A19103F-16F7-4668-BE54-9A1E7A4F7556}") = "Configurator.UI", "Configurator.UI\Configurator.UI.csproj", "{06E665CA-F4AA-4C32-9CD7-39225F56D5C0}"
EndProject
Global
	GlobalSection(SolutionConfigurationPlatforms) = preSolution
		Debug|Any CPU = Debug|Any CPU
		Release|Any CPU = Release|Any CPU
	EndGlobalSection
	GlobalSection(ProjectConfigurationPlatforms) = postSolution
		{9F817294-9367-4BFB-B332-867DDCA44DC5}.Debug|Any CPU.ActiveCfg = Debug|Any CPU
		{9F817294-9367-4BFB-B332-867DDCA44DC5}.Debug|Any CPU.Build.0 = Debug|Any CPU
		{9F817294-9367-4BFB-B332-867DDCA44DC5}.Release|Any CPU.ActiveCfg = Release|Any CPU
		{9F817294-9367-4BFB-B332-867DDCA44DC5}.Release|Any CPU.Build.0 = Release|Any CPU
		{266E5AF0-6B4C-4D15-A76D-319D7840EC25}.Debug|Any CPU.ActiveCfg = Debug|Any CPU
		{266E5AF0-6B4C-4D15-A76D-319D7840EC25}.Debug|Any CPU.Build.0 = Debug|Any CPU
		{266E5AF0-6B4C-4D15-A76D-319D7840EC25}.Release|Any CPU.ActiveCfg = Release|Any CPU
		{266E5AF0-6B4C-4D15-A76D-319D7840EC25}.Release|Any CPU.Build.0 = Release|Any CPU
		{619BA014-8AF0-49E0-8327-7993BD938C9C}.Debug|Any CPU.ActiveCfg = Debug|Any CPU
		{619BA014-8AF0-49E0-8327-7993BD938C9C}.Debug|Any CPU.Build.0 = Debug|Any CPU
		{619BA014-8AF0-49E0-8327-7993BD938C9C}.Release|Any CPU.ActiveCfg = Release|Any CPU
		{619BA014-8AF0-49E0-8327-7993BD938C9C}.Release|Any CPU.Build.0 = Release|Any CPU
		{4F0ED347-696E-47C0-8DFC-C72B62D1AC81}.Debug|Any CPU.ActiveCfg = Debug|Any CPU
		{4F0ED347-696E-47C0-8DFC-C72B62D1AC81}.Debug|Any CPU.Build.0 = Debug|Any CPU
		{4F0ED347-696E-47C0-8DFC-C72B62D1AC81}.Release|Any CPU.ActiveCfg = Release|Any CPU
		{4F0ED347-696E-47C0-8DFC-C72B62D1AC81}.Release|Any CPU.Build.0 = Release|Any CPU
		{2FF59323-6B00-44D7-9254-1DDB965DA88A}.Debug|Any CPU.ActiveCfg = Debug|Any CPU
		{2FF59323-6B00-44D7-9254-1DDB965DA88A}.Debug|Any CPU.Build.0 = Debug|Any CPU
		{2FF59323-6B00-44D7-9254-1DDB965DA88A}.Release|Any CPU.ActiveCfg = Release|Any CPU
		{2FF59323-6B00-44D7-9254-1DDB965DA88A}.Release|Any CPU.Build.0 = Release|Any CPU
		{8C9E6419-E68E-4EA4-BC64-3291EDA354AA}.Debug|Any CPU.ActiveCfg = Debug|Any CPU
		{8C9E6419-E68E-4EA4-BC64-3291EDA354AA}.Debug|Any CPU.Build.0 = Debug|Any CPU
		{8C9E6419-E68E-4EA4-BC64-3291EDA354AA}.Release|Any CPU.ActiveCfg = Release|Any CPU
		{8C9E6419-E68E-4EA4-BC64-3291EDA354AA}.Release|Any CPU.Build.0 = Release|Any CPU
		{E27B3E09-92B9-41F4-B402-C7D229F16E4E}.Debug|Any CPU.ActiveCfg = Debug|Any CPU
		{E27B3E09-92B9-41F4-B402-C7D229F16E4E}.Debug|Any CPU.Build.0 = Debug|Any CPU
		{E27B3E09-92B9-41F4-B402-C7D229F16E4E}.Release|Any CPU.ActiveCfg = Release|Any CPU
		{E27B3E09-92B9-41F4-B402-C7D229F16E4E}.Release|Any CPU.Build.0 = Release|Any CPU
		{31FE60EC-5E7C-44FF-B53D-CB888448DB86}.Debug|Any CPU.ActiveCfg = Debug|Any CPU
		{31FE60EC-5E7C-44FF-B53D-CB888448DB86}.Debug|Any CPU.Build.0 = Debug|Any CPU
		{31FE60EC-5E7C-44FF-B53D-CB888448DB86}.Release|Any CPU.ActiveCfg = Release|Any CPU
		{31FE60EC-5E7C-44FF-B53D-CB888448DB86}.Release|Any CPU.Build.0 = Release|Any CPU
		{5800310C-9A93-4793-9E80-85D19988C20E}.Debug|Any CPU.ActiveCfg = Debug|Any CPU
		{5800310C-9A93-4793-9E80-85D19988C20E}.Debug|Any CPU.Build.0 = Debug|Any CPU
		{5800310C-9A93-4793-9E80-85D19988C20E}.Release|Any CPU.ActiveCfg = Release|Any CPU
		{5800310C-9A93-4793-9E80-85D19988C20E}.Release|Any CPU.Build.0 = Release|Any CPU
		{29F610F6-1C6B-4488-9593-128EEC750B0F}.Debug|Any CPU.ActiveCfg = Debug|Any CPU
		{29F610F6-1C6B-4488-9593-128EEC750B0F}.Debug|Any CPU.Build.0 = Debug|Any CPU
		{29F610F6-1C6B-4488-9593-128EEC750B0F}.Release|Any CPU.ActiveCfg = Release|Any CPU
		{29F610F6-1C6B-4488-9593-128EEC750B0F}.Release|Any CPU.Build.0 = Release|Any CPU
		{7DB40C6E-58D7-47A8-A18B-C348F5C920EE}.Debug|Any CPU.ActiveCfg = Debug|Any CPU
		{7DB40C6E-58D7-47A8-A18B-C348F5C920EE}.Debug|Any CPU.Build.0 = Debug|Any CPU
		{7DB40C6E-58D7-47A8-A18B-C348F5C920EE}.Release|Any CPU.ActiveCfg = Release|Any CPU
		{7DB40C6E-58D7-47A8-A18B-C348F5C920EE}.Release|Any CPU.Build.0 = Release|Any CPU
		{05BB9271-04E2-4E0F-AA78-8E3437A6EC89}.Debug|Any CPU.ActiveCfg = Debug|Any CPU
		{05BB9271-04E2-4E0F-AA78-8E3437A6EC89}.Debug|Any CPU.Build.0 = Debug|Any CPU
		{05BB9271-04E2-4E0F-AA78-8E3437A6EC89}.Release|Any CPU.ActiveCfg = Release|Any CPU
		{05BB9271-04E2-4E0F-AA78-8E3437A6EC89}.Release|Any CPU.Build.0 = Release|Any CPU
		{BB540915-591E-422B-BD9A-10F705410385}.Debug|Any CPU.ActiveCfg = Debug|Any CPU
		{BB540915-591E-422B-BD9A-10F705410385}.Debug|Any CPU.Build.0 = Debug|Any CPU
		{BB540915-591E-422B-BD9A-10F705410385}.Release|Any CPU.ActiveCfg = Release|Any CPU
		{BB540915-591E-422B-BD9A-10F705410385}.Release|Any CPU.Build.0 = Release|Any CPU
		{91ED6472-83EC-4164-8830-67EDBE845D11}.Debug|Any CPU.ActiveCfg = Debug|Any CPU
		{91ED6472-83EC-4164-8830-67EDBE845D11}.Debug|Any CPU.Build.0 = Debug|Any CPU
		{91ED6472-83EC-4164-8830-67EDBE845D11}.Release|Any CPU.ActiveCfg = Release|Any CPU
		{91ED6472-83EC-4164-8830-67EDBE845D11}.Release|Any CPU.Build.0 = Release|Any CPU
		{D66038E7-662D-4F63-9571-601D6AFF1AF4}.Debug|Any CPU.ActiveCfg = Debug|Any CPU
		{D66038E7-662D-4F63-9571-601D6AFF1AF4}.Debug|Any CPU.Build.0 = Debug|Any CPU
		{D66038E7-662D-4F63-9571-601D6AFF1AF4}.Release|Any CPU.ActiveCfg = Release|Any CPU
		{D66038E7-662D-4F63-9571-601D6AFF1AF4}.Release|Any CPU.Build.0 = Release|Any CPU
		{D0120B57-D452-449D-83AF-30DD0B7C6679}.Debug|Any CPU.ActiveCfg = Debug|Any CPU
		{D0120B57-D452-449D-83AF-30DD0B7C6679}.Debug|Any CPU.Build.0 = Debug|Any CPU
		{D0120B57-D452-449D-83AF-30DD0B7C6679}.Release|Any CPU.ActiveCfg = Release|Any CPU
		{D0120B57-D452-449D-83AF-30DD0B7C6679}.Release|Any CPU.Build.0 = Release|Any CPU
		{4D5E52E4-621D-43CE-B078-CCB71E0B594A}.Debug|Any CPU.ActiveCfg = Debug|Any CPU
		{4D5E52E4-621D-43CE-B078-CCB71E0B594A}.Debug|Any CPU.Build.0 = Debug|Any CPU
		{4D5E52E4-621D-43CE-B078-CCB71E0B594A}.Release|Any CPU.ActiveCfg = Release|Any CPU
		{4D5E52E4-621D-43CE-B078-CCB71E0B594A}.Release|Any CPU.Build.0 = Release|Any CPU
		{CE0FE0C9-BF35-4E7A-8D63-72A42B1134F9}.Debug|Any CPU.ActiveCfg = Debug|Any CPU
		{CE0FE0C9-BF35-4E7A-8D63-72A42B1134F9}.Debug|Any CPU.Build.0 = Debug|Any CPU
		{CE0FE0C9-BF35-4E7A-8D63-72A42B1134F9}.Release|Any CPU.ActiveCfg = Release|Any CPU
		{CE0FE0C9-BF35-4E7A-8D63-72A42B1134F9}.Release|Any CPU.Build.0 = Release|Any CPU
		{3932CF2D-C77E-45DD-92DB-556F0FD3AD12}.Debug|Any CPU.ActiveCfg = Debug|Any CPU
		{3932CF2D-C77E-45DD-92DB-556F0FD3AD12}.Debug|Any CPU.Build.0 = Debug|Any CPU
		{3932CF2D-C77E-45DD-92DB-556F0FD3AD12}.Release|Any CPU.ActiveCfg = Release|Any CPU
		{3932CF2D-C77E-45DD-92DB-556F0FD3AD12}.Release|Any CPU.Build.0 = Release|Any CPU
		{7AA4EEEE-8D85-4159-BEAA-5E6BBA2319E1}.Debug|Any CPU.ActiveCfg = Debug|Any CPU
		{7AA4EEEE-8D85-4159-BEAA-5E6BBA2319E1}.Debug|Any CPU.Build.0 = Debug|Any CPU
		{7AA4EEEE-8D85-4159-BEAA-5E6BBA2319E1}.Release|Any CPU.ActiveCfg = Release|Any CPU
		{7AA4EEEE-8D85-4159-BEAA-5E6BBA2319E1}.Release|Any CPU.Build.0 = Release|Any CPU
		{CA2F7946-5C5C-4913-B3C4-DC0891486BC1}.Debug|Any CPU.ActiveCfg = Debug|Any CPU
		{CA2F7946-5C5C-4913-B3C4-DC0891486BC1}.Debug|Any CPU.Build.0 = Debug|Any CPU
		{CA2F7946-5C5C-4913-B3C4-DC0891486BC1}.Release|Any CPU.ActiveCfg = Release|Any CPU
		{CA2F7946-5C5C-4913-B3C4-DC0891486BC1}.Release|Any CPU.Build.0 = Release|Any CPU
		{70A13D0A-6247-4EB1-B85F-9FA26E55799F}.Debug|Any CPU.ActiveCfg = Debug|Any CPU
		{70A13D0A-6247-4EB1-B85F-9FA26E55799F}.Debug|Any CPU.Build.0 = Debug|Any CPU
		{70A13D0A-6247-4EB1-B85F-9FA26E55799F}.Release|Any CPU.ActiveCfg = Release|Any CPU
		{70A13D0A-6247-4EB1-B85F-9FA26E55799F}.Release|Any CPU.Build.0 = Release|Any CPU
		{4ABC39D9-13BE-4AE0-81A0-8D8B42326400}.Debug|Any CPU.ActiveCfg = Debug|Any CPU
		{4ABC39D9-13BE-4AE0-81A0-8D8B42326400}.Debug|Any CPU.Build.0 = Debug|Any CPU
		{4ABC39D9-13BE-4AE0-81A0-8D8B42326400}.Release|Any CPU.ActiveCfg = Release|Any CPU
		{4ABC39D9-13BE-4AE0-81A0-8D8B42326400}.Release|Any CPU.Build.0 = Release|Any CPU
		{618A06AE-8BB6-49AF-9536-CE7539A1AACF}.Debug|Any CPU.ActiveCfg = Debug|Any CPU
		{618A06AE-8BB6-49AF-9536-CE7539A1AACF}.Debug|Any CPU.Build.0 = Debug|Any CPU
		{618A06AE-8BB6-49AF-9536-CE7539A1AACF}.Release|Any CPU.ActiveCfg = Release|Any CPU
		{618A06AE-8BB6-49AF-9536-CE7539A1AACF}.Release|Any CPU.Build.0 = Release|Any CPU
		{07547A2E-26D1-48B8-AC81-0DB6F22F3D80}.Debug|Any CPU.ActiveCfg = Debug|Any CPU
		{07547A2E-26D1-48B8-AC81-0DB6F22F3D80}.Debug|Any CPU.Build.0 = Debug|Any CPU
		{07547A2E-26D1-48B8-AC81-0DB6F22F3D80}.Release|Any CPU.ActiveCfg = Release|Any CPU
		{07547A2E-26D1-48B8-AC81-0DB6F22F3D80}.Release|Any CPU.Build.0 = Release|Any CPU
		{483F6129-46C7-49B0-8721-2BD0449E59A1}.Debug|Any CPU.ActiveCfg = Debug|Any CPU
		{483F6129-46C7-49B0-8721-2BD0449E59A1}.Debug|Any CPU.Build.0 = Debug|Any CPU
		{483F6129-46C7-49B0-8721-2BD0449E59A1}.Release|Any CPU.ActiveCfg = Release|Any CPU
		{483F6129-46C7-49B0-8721-2BD0449E59A1}.Release|Any CPU.Build.0 = Release|Any CPU
		{590C44B2-F8C9-469B-ADC2-5A1E5356E819}.Debug|Any CPU.ActiveCfg = Debug|Any CPU
		{590C44B2-F8C9-469B-ADC2-5A1E5356E819}.Debug|Any CPU.Build.0 = Debug|Any CPU
		{590C44B2-F8C9-469B-ADC2-5A1E5356E819}.Release|Any CPU.ActiveCfg = Release|Any CPU
		{590C44B2-F8C9-469B-ADC2-5A1E5356E819}.Release|Any CPU.Build.0 = Release|Any CPU
		{B6035ADE-FB69-4C62-A6C2-07CFBC726DA1}.Debug|Any CPU.ActiveCfg = Debug|Any CPU
		{B6035ADE-FB69-4C62-A6C2-07CFBC726DA1}.Debug|Any CPU.Build.0 = Debug|Any CPU
		{B6035ADE-FB69-4C62-A6C2-07CFBC726DA1}.Release|Any CPU.ActiveCfg = Release|Any CPU
		{B6035ADE-FB69-4C62-A6C2-07CFBC726DA1}.Release|Any CPU.Build.0 = Release|Any CPU
		{57C9A4E1-7B8B-44D0-8306-440BC3A3C126}.Debug|Any CPU.ActiveCfg = Debug|Any CPU
		{57C9A4E1-7B8B-44D0-8306-440BC3A3C126}.Debug|Any CPU.Build.0 = Debug|Any CPU
		{57C9A4E1-7B8B-44D0-8306-440BC3A3C126}.Release|Any CPU.ActiveCfg = Release|Any CPU
		{57C9A4E1-7B8B-44D0-8306-440BC3A3C126}.Release|Any CPU.Build.0 = Release|Any CPU
		{F18FFB30-BD7B-4D54-BC13-538D7138A6B3}.Debug|Any CPU.ActiveCfg = Debug|Any CPU
		{F18FFB30-BD7B-4D54-BC13-538D7138A6B3}.Debug|Any CPU.Build.0 = Debug|Any CPU
		{F18FFB30-BD7B-4D54-BC13-538D7138A6B3}.Release|Any CPU.ActiveCfg = Release|Any CPU
		{F18FFB30-BD7B-4D54-BC13-538D7138A6B3}.Release|Any CPU.Build.0 = Release|Any CPU
		{8CF6FACF-26AE-4E38-B256-1F0E304A6C50}.Debug|Any CPU.ActiveCfg = Debug|Any CPU
		{8CF6FACF-26AE-4E38-B256-1F0E304A6C50}.Debug|Any CPU.Build.0 = Debug|Any CPU
		{8CF6FACF-26AE-4E38-B256-1F0E304A6C50}.Release|Any CPU.ActiveCfg = Release|Any CPU
		{8CF6FACF-26AE-4E38-B256-1F0E304A6C50}.Release|Any CPU.Build.0 = Release|Any CPU
		{84B37E04-C5D7-4DFB-9D5A-B9F8EE8E89D8}.Debug|Any CPU.ActiveCfg = Debug|Any CPU
		{84B37E04-C5D7-4DFB-9D5A-B9F8EE8E89D8}.Debug|Any CPU.Build.0 = Debug|Any CPU
		{84B37E04-C5D7-4DFB-9D5A-B9F8EE8E89D8}.Release|Any CPU.ActiveCfg = Release|Any CPU
		{84B37E04-C5D7-4DFB-9D5A-B9F8EE8E89D8}.Release|Any CPU.Build.0 = Release|Any CPU
		{C890E91B-1E28-4E8A-8390-9179F2241081}.Debug|Any CPU.ActiveCfg = Debug|Any CPU
		{C890E91B-1E28-4E8A-8390-9179F2241081}.Debug|Any CPU.Build.0 = Debug|Any CPU
		{C890E91B-1E28-4E8A-8390-9179F2241081}.Release|Any CPU.ActiveCfg = Release|Any CPU
		{C890E91B-1E28-4E8A-8390-9179F2241081}.Release|Any CPU.Build.0 = Release|Any CPU
		{7CCB2749-FBC6-4A39-AEF4-48BD476A3A38}.Debug|Any CPU.ActiveCfg = Debug|Any CPU
		{7CCB2749-FBC6-4A39-AEF4-48BD476A3A38}.Debug|Any CPU.Build.0 = Debug|Any CPU
		{7CCB2749-FBC6-4A39-AEF4-48BD476A3A38}.Release|Any CPU.ActiveCfg = Release|Any CPU
		{7CCB2749-FBC6-4A39-AEF4-48BD476A3A38}.Release|Any CPU.Build.0 = Release|Any CPU
		{7D9A5F33-E793-4F49-80DF-555E3964F692}.Debug|Any CPU.ActiveCfg = Debug|Any CPU
		{7D9A5F33-E793-4F49-80DF-555E3964F692}.Debug|Any CPU.Build.0 = Debug|Any CPU
		{7D9A5F33-E793-4F49-80DF-555E3964F692}.Release|Any CPU.ActiveCfg = Release|Any CPU
		{7D9A5F33-E793-4F49-80DF-555E3964F692}.Release|Any CPU.Build.0 = Release|Any CPU
		{F3B7138D-00D9-46CA-85EE-DB7B492D22EB}.Debug|Any CPU.ActiveCfg = Debug|Any CPU
		{F3B7138D-00D9-46CA-85EE-DB7B492D22EB}.Debug|Any CPU.Build.0 = Debug|Any CPU
		{F3B7138D-00D9-46CA-85EE-DB7B492D22EB}.Release|Any CPU.ActiveCfg = Release|Any CPU
		{F3B7138D-00D9-46CA-85EE-DB7B492D22EB}.Release|Any CPU.Build.0 = Release|Any CPU
		{6BD6F54B-3026-4F76-9C6E-3471CFEA9BC3}.Debug|Any CPU.ActiveCfg = Debug|Any CPU
		{6BD6F54B-3026-4F76-9C6E-3471CFEA9BC3}.Debug|Any CPU.Build.0 = Debug|Any CPU
		{6BD6F54B-3026-4F76-9C6E-3471CFEA9BC3}.Release|Any CPU.ActiveCfg = Release|Any CPU
		{6BD6F54B-3026-4F76-9C6E-3471CFEA9BC3}.Release|Any CPU.Build.0 = Release|Any CPU
		{F2867446-0360-4EF9-AD32-7E8E88D0CE95}.Debug|Any CPU.ActiveCfg = Debug|Any CPU
		{F2867446-0360-4EF9-AD32-7E8E88D0CE95}.Debug|Any CPU.Build.0 = Debug|Any CPU
		{F2867446-0360-4EF9-AD32-7E8E88D0CE95}.Release|Any CPU.ActiveCfg = Release|Any CPU
		{F2867446-0360-4EF9-AD32-7E8E88D0CE95}.Release|Any CPU.Build.0 = Release|Any CPU
		{C29C139F-D9F7-46CF-AAD2-BB9894A1714B}.Debug|Any CPU.ActiveCfg = Debug|Any CPU
		{C29C139F-D9F7-46CF-AAD2-BB9894A1714B}.Debug|Any CPU.Build.0 = Debug|Any CPU
		{C29C139F-D9F7-46CF-AAD2-BB9894A1714B}.Release|Any CPU.ActiveCfg = Release|Any CPU
		{C29C139F-D9F7-46CF-AAD2-BB9894A1714B}.Release|Any CPU.Build.0 = Release|Any CPU
		{C1B22C0F-C278-4CE9-AEE7-4C4681AD4216}.Debug|Any CPU.ActiveCfg = Debug|Any CPU
		{C1B22C0F-C278-4CE9-AEE7-4C4681AD4216}.Debug|Any CPU.Build.0 = Debug|Any CPU
		{C1B22C0F-C278-4CE9-AEE7-4C4681AD4216}.Release|Any CPU.ActiveCfg = Release|Any CPU
		{C1B22C0F-C278-4CE9-AEE7-4C4681AD4216}.Release|Any CPU.Build.0 = Release|Any CPU
		{C6D19201-5910-4BB2-BA3F-3011E05AC1FF}.Debug|Any CPU.ActiveCfg = Debug|Any CPU
		{C6D19201-5910-4BB2-BA3F-3011E05AC1FF}.Debug|Any CPU.Build.0 = Debug|Any CPU
		{C6D19201-5910-4BB2-BA3F-3011E05AC1FF}.Release|Any CPU.ActiveCfg = Release|Any CPU
		{C6D19201-5910-4BB2-BA3F-3011E05AC1FF}.Release|Any CPU.Build.0 = Release|Any CPU
		{06E665CA-F4AA-4C32-9CD7-39225F56D5C0}.Debug|Any CPU.ActiveCfg = Debug|Any CPU
		{06E665CA-F4AA-4C32-9CD7-39225F56D5C0}.Debug|Any CPU.Build.0 = Debug|Any CPU
		{06E665CA-F4AA-4C32-9CD7-39225F56D5C0}.Release|Any CPU.ActiveCfg = Release|Any CPU
		{06E665CA-F4AA-4C32-9CD7-39225F56D5C0}.Release|Any CPU.Build.0 = Release|Any CPU
	EndGlobalSection
	GlobalSection(SolutionProperties) = preSolution
		HideSolutionNode = FALSE
	EndGlobalSection
	GlobalSection(NestedProjects) = preSolution
		{9F817294-9367-4BFB-B332-867DDCA44DC5} = {DB406CC9-6F92-4DE8-96C2-93A245CA6DE8}
		{266E5AF0-6B4C-4D15-A76D-319D7840EC25} = {F23398E3-4A1C-4F6D-ACBD-F4CE5F884B10}
		{619BA014-8AF0-49E0-8327-7993BD938C9C} = {F23398E3-4A1C-4F6D-ACBD-F4CE5F884B10}
		{4F0ED347-696E-47C0-8DFC-C72B62D1AC81} = {F23398E3-4A1C-4F6D-ACBD-F4CE5F884B10}
		{2FF59323-6B00-44D7-9254-1DDB965DA88A} = {DB406CC9-6F92-4DE8-96C2-93A245CA6DE8}
		{8C9E6419-E68E-4EA4-BC64-3291EDA354AA} = {2B246CE5-FB1A-4453-A5D1-BFB6A09D7EB0}
		{E27B3E09-92B9-41F4-B402-C7D229F16E4E} = {2B246CE5-FB1A-4453-A5D1-BFB6A09D7EB0}
		{31FE60EC-5E7C-44FF-B53D-CB888448DB86} = {3477FF24-4F33-4EB2-8B09-6AEC871B6752}
		{D064279A-FF5C-450D-B4CE-D96EC6906A53} = {A6C5E4CD-BAF7-4B6D-B7BA-3F46A85F18E7}
		{5800310C-9A93-4793-9E80-85D19988C20E} = {D064279A-FF5C-450D-B4CE-D96EC6906A53}
		{29F610F6-1C6B-4488-9593-128EEC750B0F} = {D064279A-FF5C-450D-B4CE-D96EC6906A53}
		{7DB40C6E-58D7-47A8-A18B-C348F5C920EE} = {D064279A-FF5C-450D-B4CE-D96EC6906A53}
		{05BB9271-04E2-4E0F-AA78-8E3437A6EC89} = {44CDD569-EE2A-40F2-B417-79BC4F2D4D55}
		{BB540915-591E-422B-BD9A-10F705410385} = {3477FF24-4F33-4EB2-8B09-6AEC871B6752}
		{91ED6472-83EC-4164-8830-67EDBE845D11} = {D064279A-FF5C-450D-B4CE-D96EC6906A53}
		{D66038E7-662D-4F63-9571-601D6AFF1AF4} = {F834727F-3305-439C-9284-A82B37A4B7C9}
		{D0120B57-D452-449D-83AF-30DD0B7C6679} = {F834727F-3305-439C-9284-A82B37A4B7C9}
		{4D5E52E4-621D-43CE-B078-CCB71E0B594A} = {F834727F-3305-439C-9284-A82B37A4B7C9}
		{CE0FE0C9-BF35-4E7A-8D63-72A42B1134F9} = {44CDD569-EE2A-40F2-B417-79BC4F2D4D55}
		{3932CF2D-C77E-45DD-92DB-556F0FD3AD12} = {3477FF24-4F33-4EB2-8B09-6AEC871B6752}
		{7AA4EEEE-8D85-4159-BEAA-5E6BBA2319E1} = {E04C8BE8-91B8-45BE-AFE9-F7A0120A21F5}
		{CA2F7946-5C5C-4913-B3C4-DC0891486BC1} = {E04C8BE8-91B8-45BE-AFE9-F7A0120A21F5}
		{E04C8BE8-91B8-45BE-AFE9-F7A0120A21F5} = {A6C5E4CD-BAF7-4B6D-B7BA-3F46A85F18E7}
		{44CDD569-EE2A-40F2-B417-79BC4F2D4D55} = {A6C5E4CD-BAF7-4B6D-B7BA-3F46A85F18E7}
		{205C1F71-1A28-4E4B-8C0C-1BFE73421C65} = {A6C5E4CD-BAF7-4B6D-B7BA-3F46A85F18E7}
		{70A13D0A-6247-4EB1-B85F-9FA26E55799F} = {205C1F71-1A28-4E4B-8C0C-1BFE73421C65}
		{4ABC39D9-13BE-4AE0-81A0-8D8B42326400} = {205C1F71-1A28-4E4B-8C0C-1BFE73421C65}
		{618A06AE-8BB6-49AF-9536-CE7539A1AACF} = {E04C8BE8-91B8-45BE-AFE9-F7A0120A21F5}
		{07547A2E-26D1-48B8-AC81-0DB6F22F3D80} = {44CDD569-EE2A-40F2-B417-79BC4F2D4D55}
		{483F6129-46C7-49B0-8721-2BD0449E59A1} = {3477FF24-4F33-4EB2-8B09-6AEC871B6752}
		{590C44B2-F8C9-469B-ADC2-5A1E5356E819} = {44CDD569-EE2A-40F2-B417-79BC4F2D4D55}
		{B6035ADE-FB69-4C62-A6C2-07CFBC726DA1} = {DB406CC9-6F92-4DE8-96C2-93A245CA6DE8}
		{57C9A4E1-7B8B-44D0-8306-440BC3A3C126} = {ACDC6E5B-3CDE-4F6B-93D4-F6430CE20FE1}
		{ACDC6E5B-3CDE-4F6B-93D4-F6430CE20FE1} = {A6C5E4CD-BAF7-4B6D-B7BA-3F46A85F18E7}
		{F18FFB30-BD7B-4D54-BC13-538D7138A6B3} = {ACDC6E5B-3CDE-4F6B-93D4-F6430CE20FE1}
		{8CF6FACF-26AE-4E38-B256-1F0E304A6C50} = {ACDC6E5B-3CDE-4F6B-93D4-F6430CE20FE1}
		{2B246CE5-FB1A-4453-A5D1-BFB6A09D7EB0} = {A6C5E4CD-BAF7-4B6D-B7BA-3F46A85F18E7}
		{84B37E04-C5D7-4DFB-9D5A-B9F8EE8E89D8} = {2B246CE5-FB1A-4453-A5D1-BFB6A09D7EB0}
		{C890E91B-1E28-4E8A-8390-9179F2241081} = {DB406CC9-6F92-4DE8-96C2-93A245CA6DE8}
		{7CCB2749-FBC6-4A39-AEF4-48BD476A3A38} = {DB406CC9-6F92-4DE8-96C2-93A245CA6DE8}
		{7D9A5F33-E793-4F49-80DF-555E3964F692} = {DB406CC9-6F92-4DE8-96C2-93A245CA6DE8}
		{F3B7138D-00D9-46CA-85EE-DB7B492D22EB} = {DB406CC9-6F92-4DE8-96C2-93A245CA6DE8}
		{6BD6F54B-3026-4F76-9C6E-3471CFEA9BC3} = {D064279A-FF5C-450D-B4CE-D96EC6906A53}
		{F2867446-0360-4EF9-AD32-7E8E88D0CE95} = {F834727F-3305-439C-9284-A82B37A4B7C9}
		{9D767BE2-3B5C-4478-80AA-D6629AC33393} = {A6C5E4CD-BAF7-4B6D-B7BA-3F46A85F18E7}
		{C29C139F-D9F7-46CF-AAD2-BB9894A1714B} = {9D767BE2-3B5C-4478-80AA-D6629AC33393}
		{149F6204-2BD0-43A6-927E-19223594B92D} = {A6C5E4CD-BAF7-4B6D-B7BA-3F46A85F18E7}
		{C1B22C0F-C278-4CE9-AEE7-4C4681AD4216} = {149F6204-2BD0-43A6-927E-19223594B92D}
		{C6D19201-5910-4BB2-BA3F-3011E05AC1FF} = {149F6204-2BD0-43A6-927E-19223594B92D}
		{06E665CA-F4AA-4C32-9CD7-39225F56D5C0} = {149F6204-2BD0-43A6-927E-19223594B92D}
	EndGlobalSection
	GlobalSection(ExtensibilityGlobals) = postSolution
		SolutionGuid = {7C8836DA-E4F6-4A43-9CC5-7D0388147EFD}
	EndGlobalSection
EndGlobal
